
Microsoft Visual Studio Solution File, Format Version 12.00
# Visual Studio Version 16
VisualStudioVersion = 16.0.30413.136
MinimumVisualStudioVersion = 10.0.40219.1
Project("{FAE04EC0-301F-11D3-BF4B-00C04F79EFBC}") = "ConsoleApp2", "ConsoleApp2\ConsoleApp2.csproj", "{AAB81E07-F9AF-4EE6-B13C-3713682CA703}"
EndProject
Global
	GlobalSection(SolutionConfigurationPlatforms) = preSolution
		Debug|Any CPU = Debug|Any CPU
		Release|Any CPU = Release|Any CPU
	EndGlobalSection
	GlobalSection(ProjectConfigurationPlatforms) = postSolution
		{AAB81E07-F9AF-4EE6-B13C-3713682CA703}.Debug|Any CPU.ActiveCfg = Debug|Any CPU
		{AAB81E07-F9AF-4EE6-B13C-3713682CA703}.Debug|Any CPU.Build.0 = Debug|Any CPU
		{AAB81E07-F9AF-4EE6-B13C-3713682CA703}.Release|Any CPU.ActiveCfg = Release|Any CPU
		{AAB81E07-F9AF-4EE6-B13C-3713682CA703}.Release|Any CPU.Build.0 = Release|Any CPU
	EndGlobalSection
	GlobalSection(SolutionProperties) = preSolution
		HideSolutionNode = FALSE
	EndGlobalSection
	GlobalSection(ExtensibilityGlobals) = postSolution
		SolutionGuid = {0CDD9B76-7C3A-4A85-98BF-48C4EF38AC52}
	EndGlobalSection
EndGlobal
